
Microsoft Visual Studio Solution File, Format Version 12.00
# Visual Studio Version 17
VisualStudioVersion = 17.1.32319.34
MinimumVisualStudioVersion = 10.0.40219.1
Project("{FAE04EC0-301F-11D3-BF4B-00C04F79EFBC}") = "WindowsFormsApp1", "WindowsFormsApp1\WindowsFormsApp1.csproj", "{87851030-2606-40E0-AD5C-C111D25C5CF7}"
EndProject
Global
	GlobalSection(SolutionConfigurationPlatforms) = preSolution
		Debug|Any CPU = Debug|Any CPU
		Release|Any CPU = Release|Any CPU
	EndGlobalSection
	GlobalSection(ProjectConfigurationPlatforms) = postSolution
		{87851030-2606-40E0-AD5C-C111D25C5CF7}.Debug|Any CPU.ActiveCfg = Debug|Any CPU
		{87851030-2606-40E0-AD5C-C111D25C5CF7}.Debug|Any CPU.Build.0 = Debug|Any CPU
		{87851030-2606-40E0-AD5C-C111D25C5CF7}.Release|Any CPU.ActiveCfg = Release|Any CPU
		{87851030-2606-40E0-AD5C-C111D25C5CF7}.Release|Any CPU.Build.0 = Release|Any CPU
	EndGlobalSection
	GlobalSection(SolutionProperties) = preSolution
		HideSolutionNode = FALSE
	EndGlobalSection
	GlobalSection(ExtensibilityGlobals) = postSolution
		SolutionGuid = {CF294FD2-CEA6-484D-87D9-3321385217F5}
	EndGlobalSection
EndGlobal
